// !$*UTF8*$!
{
	archiveVersion = 1;
	classes = {
	};
	objectVersion = 55;
	objects = {

/* Begin PBXBuildFile section */
		02760D782861B21E00E2AF3E /* profile.swift in Sources */ = {isa = PBXBuildFile; fileRef = 02760D772861B21E00E2AF3E /* profile.swift */; };
		02760D7C2861B65A00E2AF3E /* navig.swift in Sources */ = {isa = PBXBuildFile; fileRef = 02760D7B2861B65A00E2AF3E /* navig.swift */; };
		02760D812861B70200E2AF3E /* shap3D.swift in Sources */ = {isa = PBXBuildFile; fileRef = 02760D802861B70200E2AF3E /* shap3D.swift */; };
		02760D832861B73500E2AF3E /* MyPatternPicker.swift in Sources */ = {isa = PBXBuildFile; fileRef = 02760D822861B73500E2AF3E /* MyPatternPicker.swift */; };
		02760D852861B83100E2AF3E /* tab bar.swift in Sources */ = {isa = PBXBuildFile; fileRef = 02760D842861B83100E2AF3E /* tab bar.swift */; };
		02760D872861BE0400E2AF3E /* Product1.scn in Resources */ = {isa = PBXBuildFile; fileRef = 02760D862861BE0400E2AF3E /* Product1.scn */; };
		02FBF0D4286B21250079FB5E /* Splash.swift in Sources */ = {isa = PBXBuildFile; fileRef = 02FBF0D3286B21250079FB5E /* Splash.swift */; };
		02FBF0DA286B2D630079FB5E /* ww.swift in Sources */ = {isa = PBXBuildFile; fileRef = 02FBF0D9286B2D630079FB5E /* ww.swift */; };
		02FBF0DD286B376B0079FB5E /* Cart3D.swift in Sources */ = {isa = PBXBuildFile; fileRef = 02FBF0DC286B376B0079FB5E /* Cart3D.swift */; };
		168407442861C8960071FC5F /* paymentPage.swift in Sources */ = {isa = PBXBuildFile; fileRef = 168407432861C8960071FC5F /* paymentPage.swift */; };
		168407462861C9590071FC5F /* creditcard.swift in Sources */ = {isa = PBXBuildFile; fileRef = 168407452861C9590071FC5F /* creditcard.swift */; };
		168407482861C99D0071FC5F /* buttonForOtherPayment.swift in Sources */ = {isa = PBXBuildFile; fileRef = 168407472861C99D0071FC5F /* buttonForOtherPayment.swift */; };
		1684074A2861C9DF0071FC5F /*  applePay.swift in Sources */ = {isa = PBXBuildFile; fileRef = 168407492861C9DF0071FC5F /*  applePay.swift */; };
		1684074D2861CA280071FC5F /* iPaymentButton in Frameworks */ = {isa = PBXBuildFile; productRef = 1684074C2861CA280071FC5F /* iPaymentButton */; };
		777B928D285B098C008AE921 /* ProductDetails.swift in Sources */ = {isa = PBXBuildFile; fileRef = 777B928C285B098C008AE921 /* ProductDetails.swift */; };
		777B928F285B0A3E008AE921 /* Cart.swift in Sources */ = {isa = PBXBuildFile; fileRef = 777B928E285B0A3D008AE921 /* Cart.swift */; };
		777B9291285B0AC2008AE921 /* backgroundRectangle.swift in Sources */ = {isa = PBXBuildFile; fileRef = 777B9290285B0AC2008AE921 /* backgroundRectangle.swift */; };
		777B929528610051008AE921 /* threeDModel.swift in Sources */ = {isa = PBXBuildFile; fileRef = 777B929428610051008AE921 /* threeDModel.swift */; };
		777B92992861373A008AE921 /* Product.swift in Sources */ = {isa = PBXBuildFile; fileRef = 777B92982861373A008AE921 /* Product.swift */; };
		777B929B28613B9E008AE921 /* ViewModel.swift in Sources */ = {isa = PBXBuildFile; fileRef = 777B929A28613B9E008AE921 /* ViewModel.swift */; };
		777B929D28646FB6008AE921 /* boxProductDetails.swift in Sources */ = {isa = PBXBuildFile; fileRef = 777B929C28646FB6008AE921 /* boxProductDetails.swift */; };
		777B92A02868F7F2008AE921 /* Kingfisher in Frameworks */ = {isa = PBXBuildFile; productRef = 777B929F2868F7F2008AE921 /* Kingfisher */; };
		777B92A42869969B008AE921 /* CartViewModel.swift in Sources */ = {isa = PBXBuildFile; fileRef = 777B92A32869969B008AE921 /* CartViewModel.swift */; };
		777B92A628699729008AE921 /* CartModel.swift in Sources */ = {isa = PBXBuildFile; fileRef = 777B92A528699729008AE921 /* CartModel.swift */; };
		777B92A8286ADBCF008AE921 /* address.swift in Sources */ = {isa = PBXBuildFile; fileRef = 777B92A7286ADBCE008AE921 /* address.swift */; };
		777B92AA286ADD03008AE921 /* map.swift in Sources */ = {isa = PBXBuildFile; fileRef = 777B92A9286ADD03008AE921 /* map.swift */; };
		77B170E22847452D001F9CBC /* PieceMastersApp.swift in Sources */ = {isa = PBXBuildFile; fileRef = 77B170E12847452D001F9CBC /* PieceMastersApp.swift */; };
		77B170E42847452D001F9CBC /* ContentView.swift in Sources */ = {isa = PBXBuildFile; fileRef = 77B170E32847452D001F9CBC /* ContentView.swift */; };
		77B170E62847452E001F9CBC /* Assets.xcassets in Resources */ = {isa = PBXBuildFile; fileRef = 77B170E52847452E001F9CBC /* Assets.xcassets */; };
		77B170E92847452E001F9CBC /* Preview Assets.xcassets in Resources */ = {isa = PBXBuildFile; fileRef = 77B170E82847452E001F9CBC /* Preview Assets.xcassets */; };
		77B1710E284BD07B001F9CBC /* GoogleService-Info.plist in Resources */ = {isa = PBXBuildFile; fileRef = 77B1710D284BD07B001F9CBC /* GoogleService-Info.plist */; };
		77B17111284BD65B001F9CBC /* FirebaseAuth in Frameworks */ = {isa = PBXBuildFile; productRef = 77B17110284BD65B001F9CBC /* FirebaseAuth */; };
		77B17113284BD65B001F9CBC /* FirebaseFirestore in Frameworks */ = {isa = PBXBuildFile; productRef = 77B17112284BD65B001F9CBC /* FirebaseFirestore */; };
		77B17115284BD65B001F9CBC /* FirebaseStorage in Frameworks */ = {isa = PBXBuildFile; productRef = 77B17114284BD65B001F9CBC /* FirebaseStorage */; };
		88F7765C285F0F6B00C1A5AF /* MainPackaging.swift in Sources */ = {isa = PBXBuildFile; fileRef = 88F7765B285F0F6B00C1A5AF /* MainPackaging.swift */; };
		88F7765F285F1CDE00C1A5AF /* SearchBar.swift in Sources */ = {isa = PBXBuildFile; fileRef = 88F7765E285F1CDE00C1A5AF /* SearchBar.swift */; };
		88F7766328605A4C00C1A5AF /* AllProducts.swift in Sources */ = {isa = PBXBuildFile; fileRef = 88F7766228605A4C00C1A5AF /* AllProducts.swift */; };
		E39405FB286682DC0036BF19 /* signIN.swift in Sources */ = {isa = PBXBuildFile; fileRef = E39405FA286682DC0036BF19 /* signIN.swift */; };
		E39405FD286684D10036BF19 /* RegistrationView.swift in Sources */ = {isa = PBXBuildFile; fileRef = E39405FC286684D10036BF19 /* RegistrationView.swift */; };
		E39405FF2866870B0036BF19 /* appleButton.swift in Sources */ = {isa = PBXBuildFile; fileRef = E39405FE2866870B0036BF19 /* appleButton.swift */; };
		E39406012866875C0036BF19 /* User.swift in Sources */ = {isa = PBXBuildFile; fileRef = E39406002866875C0036BF19 /* User.swift */; };
		E3940603286687CE0036BF19 /* LoadingView.swift in Sources */ = {isa = PBXBuildFile; fileRef = E3940602286687CE0036BF19 /* LoadingView.swift */; };
		E3940606286688980036BF19 /* RegistrationViewModel.swift in Sources */ = {isa = PBXBuildFile; fileRef = E3940605286688980036BF19 /* RegistrationViewModel.swift */; };
		E3940608286688CF0036BF19 /* AuthViewModel.swift in Sources */ = {isa = PBXBuildFile; fileRef = E3940607286688CF0036BF19 /* AuthViewModel.swift */; };
		E394060A286689120036BF19 /* ProfileViewModel.swift in Sources */ = {isa = PBXBuildFile; fileRef = E3940609286689120036BF19 /* ProfileViewModel.swift */; };
/* End PBXBuildFile section */

/* Begin PBXFileReference section */
		02760D772861B21E00E2AF3E /* profile.swift */ = {isa = PBXFileReference; lastKnownFileType = sourcecode.swift; path = profile.swift; sourceTree = "<group>"; };
		02760D7B2861B65A00E2AF3E /* navig.swift */ = {isa = PBXFileReference; lastKnownFileType = sourcecode.swift; path = navig.swift; sourceTree = "<group>"; };
		02760D802861B70200E2AF3E /* shap3D.swift */ = {isa = PBXFileReference; lastKnownFileType = sourcecode.swift; path = shap3D.swift; sourceTree = "<group>"; };
		02760D822861B73500E2AF3E /* MyPatternPicker.swift */ = {isa = PBXFileReference; lastKnownFileType = sourcecode.swift; path = MyPatternPicker.swift; sourceTree = "<group>"; };
		02760D842861B83100E2AF3E /* tab bar.swift */ = {isa = PBXFileReference; lastKnownFileType = sourcecode.swift; path = "tab bar.swift"; sourceTree = "<group>"; };
		02760D862861BE0400E2AF3E /* Product1.scn */ = {isa = PBXFileReference; lastKnownFileType = file.bplist; path = Product1.scn; sourceTree = "<group>"; };
		02FBF0D3286B21250079FB5E /* Splash.swift */ = {isa = PBXFileReference; lastKnownFileType = sourcecode.swift; path = Splash.swift; sourceTree = "<group>"; };
		02FBF0D9286B2D630079FB5E /* ww.swift */ = {isa = PBXFileReference; lastKnownFileType = sourcecode.swift; path = ww.swift; sourceTree = "<group>"; };
		02FBF0DC286B376B0079FB5E /* Cart3D.swift */ = {isa = PBXFileReference; lastKnownFileType = sourcecode.swift; path = Cart3D.swift; sourceTree = "<group>"; };
		168407432861C8960071FC5F /* paymentPage.swift */ = {isa = PBXFileReference; lastKnownFileType = sourcecode.swift; path = paymentPage.swift; sourceTree = "<group>"; };
		168407452861C9590071FC5F /* creditcard.swift */ = {isa = PBXFileReference; lastKnownFileType = sourcecode.swift; path = creditcard.swift; sourceTree = "<group>"; };
		168407472861C99D0071FC5F /* buttonForOtherPayment.swift */ = {isa = PBXFileReference; lastKnownFileType = sourcecode.swift; path = buttonForOtherPayment.swift; sourceTree = "<group>"; };
		168407492861C9DF0071FC5F /*  applePay.swift */ = {isa = PBXFileReference; lastKnownFileType = sourcecode.swift; path = " applePay.swift"; sourceTree = "<group>"; };
		777B928C285B098C008AE921 /* ProductDetails.swift */ = {isa = PBXFileReference; lastKnownFileType = sourcecode.swift; path = ProductDetails.swift; sourceTree = "<group>"; };
		777B928E285B0A3D008AE921 /* Cart.swift */ = {isa = PBXFileReference; lastKnownFileType = sourcecode.swift; path = Cart.swift; sourceTree = "<group>"; };
		777B9290285B0AC2008AE921 /* backgroundRectangle.swift */ = {isa = PBXFileReference; lastKnownFileType = sourcecode.swift; path = backgroundRectangle.swift; sourceTree = "<group>"; };
		777B929428610051008AE921 /* threeDModel.swift */ = {isa = PBXFileReference; lastKnownFileType = sourcecode.swift; path = threeDModel.swift; sourceTree = "<group>"; };
		777B92982861373A008AE921 /* Product.swift */ = {isa = PBXFileReference; lastKnownFileType = sourcecode.swift; path = Product.swift; sourceTree = "<group>"; };
		777B929A28613B9E008AE921 /* ViewModel.swift */ = {isa = PBXFileReference; lastKnownFileType = sourcecode.swift; path = ViewModel.swift; sourceTree = "<group>"; };
		777B929C28646FB6008AE921 /* boxProductDetails.swift */ = {isa = PBXFileReference; lastKnownFileType = sourcecode.swift; path = boxProductDetails.swift; sourceTree = "<group>"; };
		777B92A32869969B008AE921 /* CartViewModel.swift */ = {isa = PBXFileReference; lastKnownFileType = sourcecode.swift; path = CartViewModel.swift; sourceTree = "<group>"; };
		777B92A528699729008AE921 /* CartModel.swift */ = {isa = PBXFileReference; lastKnownFileType = sourcecode.swift; path = CartModel.swift; sourceTree = "<group>"; };
		777B92A7286ADBCE008AE921 /* address.swift */ = {isa = PBXFileReference; lastKnownFileType = sourcecode.swift; path = address.swift; sourceTree = "<group>"; };
		777B92A9286ADD03008AE921 /* map.swift */ = {isa = PBXFileReference; lastKnownFileType = sourcecode.swift; path = map.swift; sourceTree = "<group>"; };
		77B170DE2847452D001F9CBC /* Brandit.app */ = {isa = PBXFileReference; explicitFileType = wrapper.application; includeInIndex = 0; path = Brandit.app; sourceTree = BUILT_PRODUCTS_DIR; };
		77B170E12847452D001F9CBC /* PieceMastersApp.swift */ = {isa = PBXFileReference; lastKnownFileType = sourcecode.swift; path = PieceMastersApp.swift; sourceTree = "<group>"; };
		77B170E32847452D001F9CBC /* ContentView.swift */ = {isa = PBXFileReference; lastKnownFileType = sourcecode.swift; path = ContentView.swift; sourceTree = "<group>"; };
		77B170E52847452E001F9CBC /* Assets.xcassets */ = {isa = PBXFileReference; lastKnownFileType = folder.assetcatalog; path = Assets.xcassets; sourceTree = "<group>"; };
		77B170E82847452E001F9CBC /* Preview Assets.xcassets */ = {isa = PBXFileReference; lastKnownFileType = folder.assetcatalog; path = "Preview Assets.xcassets"; sourceTree = "<group>"; };
		77B1710D284BD07B001F9CBC /* GoogleService-Info.plist */ = {isa = PBXFileReference; fileEncoding = 4; lastKnownFileType = text.plist.xml; path = "GoogleService-Info.plist"; sourceTree = "<group>"; };
		88F7765B285F0F6B00C1A5AF /* MainPackaging.swift */ = {isa = PBXFileReference; lastKnownFileType = sourcecode.swift; path = MainPackaging.swift; sourceTree = "<group>"; };
		88F7765E285F1CDE00C1A5AF /* SearchBar.swift */ = {isa = PBXFileReference; lastKnownFileType = sourcecode.swift; path = SearchBar.swift; sourceTree = "<group>"; };
		88F7766228605A4C00C1A5AF /* AllProducts.swift */ = {isa = PBXFileReference; lastKnownFileType = sourcecode.swift; path = AllProducts.swift; sourceTree = "<group>"; };
		E39405FA286682DC0036BF19 /* signIN.swift */ = {isa = PBXFileReference; lastKnownFileType = sourcecode.swift; path = signIN.swift; sourceTree = "<group>"; };
		E39405FC286684D10036BF19 /* RegistrationView.swift */ = {isa = PBXFileReference; lastKnownFileType = sourcecode.swift; path = RegistrationView.swift; sourceTree = "<group>"; };
		E39405FE2866870B0036BF19 /* appleButton.swift */ = {isa = PBXFileReference; lastKnownFileType = sourcecode.swift; path = appleButton.swift; sourceTree = "<group>"; };
		E39406002866875C0036BF19 /* User.swift */ = {isa = PBXFileReference; lastKnownFileType = sourcecode.swift; path = User.swift; sourceTree = "<group>"; };
		E3940602286687CE0036BF19 /* LoadingView.swift */ = {isa = PBXFileReference; lastKnownFileType = sourcecode.swift; path = LoadingView.swift; sourceTree = "<group>"; };
		E3940605286688980036BF19 /* RegistrationViewModel.swift */ = {isa = PBXFileReference; lastKnownFileType = sourcecode.swift; path = RegistrationViewModel.swift; sourceTree = "<group>"; };
		E3940607286688CF0036BF19 /* AuthViewModel.swift */ = {isa = PBXFileReference; lastKnownFileType = sourcecode.swift; path = AuthViewModel.swift; sourceTree = "<group>"; };
		E3940609286689120036BF19 /* ProfileViewModel.swift */ = {isa = PBXFileReference; lastKnownFileType = sourcecode.swift; path = ProfileViewModel.swift; sourceTree = "<group>"; };
/* End PBXFileReference section */

/* Begin PBXFrameworksBuildPhase section */
		77B170DB2847452D001F9CBC /* Frameworks */ = {
			isa = PBXFrameworksBuildPhase;
			buildActionMask = 2147483647;
			files = (
				77B17111284BD65B001F9CBC /* FirebaseAuth in Frameworks */,
				1684074D2861CA280071FC5F /* iPaymentButton in Frameworks */,
				77B17113284BD65B001F9CBC /* FirebaseFirestore in Frameworks */,
				77B17115284BD65B001F9CBC /* FirebaseStorage in Frameworks */,
				777B92A02868F7F2008AE921 /* Kingfisher in Frameworks */,
			);
			runOnlyForDeploymentPostprocessing = 0;
		};
/* End PBXFrameworksBuildPhase section */

/* Begin PBXGroup section */
		02760D7F2861B6B400E2AF3E /* New Group */ = {
			isa = PBXGroup;
			children = (
				02760D7B2861B65A00E2AF3E /* navig.swift */,
				02760D802861B70200E2AF3E /* shap3D.swift */,
				02760D822861B73500E2AF3E /* MyPatternPicker.swift */,
				777B929428610051008AE921 /* threeDModel.swift */,
				02760D842861B83100E2AF3E /* tab bar.swift */,
				02760D862861BE0400E2AF3E /* Product1.scn */,
			);
			path = "New Group";
			sourceTree = "<group>";
		};
		02FBF0D5286B25D90079FB5E /* New Group */ = {
			isa = PBXGroup;
			children = (
			);
			path = "New Group";
			sourceTree = "<group>";
		};
		1684075128624D570071FC5F /* wafa */ = {
			isa = PBXGroup;
			children = (
				168407432861C8960071FC5F /* paymentPage.swift */,
				168407492861C9DF0071FC5F /*  applePay.swift */,
				168407452861C9590071FC5F /* creditcard.swift */,
				168407472861C99D0071FC5F /* buttonForOtherPayment.swift */,
			);
			path = wafa;
			sourceTree = "<group>";
		};
		777B929628613359008AE921 /* ViewModels */ = {
			isa = PBXGroup;
			children = (
				777B929A28613B9E008AE921 /* ViewModel.swift */,
				777B92A32869969B008AE921 /* CartViewModel.swift */,
			);
			path = ViewModels;
			sourceTree = "<group>";
		};
		777B9297286136B2008AE921 /* structs */ = {
			isa = PBXGroup;
			children = (
				777B92982861373A008AE921 /* Product.swift */,
				E39406002866875C0036BF19 /* User.swift */,
				777B92A528699729008AE921 /* CartModel.swift */,
			);
			path = structs;
			sourceTree = "<group>";
		};
		77B170D52847452D001F9CBC = {
			isa = PBXGroup;
			children = (
				02FBF0D9286B2D630079FB5E /* ww.swift */,
				02FBF0D5286B25D90079FB5E /* New Group */,
				02FBF0D3286B21250079FB5E /* Splash.swift */,
				77B170E02847452D001F9CBC /* PieceMasters */,
				77B170DF2847452D001F9CBC /* Products */,
			);
			sourceTree = "<group>";
		};
		77B170DF2847452D001F9CBC /* Products */ = {
			isa = PBXGroup;
			children = (
				77B170DE2847452D001F9CBC /* Brandit.app */,
			);
			name = Products;
			sourceTree = "<group>";
		};
		77B170E02847452D001F9CBC /* PieceMasters */ = {
			isa = PBXGroup;
			children = (
				E39405F928667F8D0036BF19 /* LoginPages */,
				1684075128624D570071FC5F /* wafa */,
				02760D7F2861B6B400E2AF3E /* New Group */,
				777B929628613359008AE921 /* ViewModels */,
				77B170E12847452D001F9CBC /* PieceMastersApp.swift */,
				77B170E32847452D001F9CBC /* ContentView.swift */,
				777B9297286136B2008AE921 /* structs */,
				77B170E52847452E001F9CBC /* Assets.xcassets */,
				777B92A7286ADBCE008AE921 /* address.swift */,
				777B92A9286ADD03008AE921 /* map.swift */,
				88F7765B285F0F6B00C1A5AF /* MainPackaging.swift */,
				777B928C285B098C008AE921 /* ProductDetails.swift */,
				02FBF0DC286B376B0079FB5E /* Cart3D.swift */,
				777B928E285B0A3D008AE921 /* Cart.swift */,
				88F7765E285F1CDE00C1A5AF /* SearchBar.swift */,
				77B1710D284BD07B001F9CBC /* GoogleService-Info.plist */,
				88F7766228605A4C00C1A5AF /* AllProducts.swift */,
				777B9290285B0AC2008AE921 /* backgroundRectangle.swift */,
				777B929C28646FB6008AE921 /* boxProductDetails.swift */,
				77B170E72847452E001F9CBC /* Preview Content */,
			);
			path = PieceMasters;
			sourceTree = "<group>";
		};
		77B170E72847452E001F9CBC /* Preview Content */ = {
			isa = PBXGroup;
			children = (
				77B170E82847452E001F9CBC /* Preview Assets.xcassets */,
			);
			path = "Preview Content";
			sourceTree = "<group>";
		};
		E39405F928667F8D0036BF19 /* LoginPages */ = {
			isa = PBXGroup;
			children = (
				E39405FA286682DC0036BF19 /* signIN.swift */,
				E39405FC286684D10036BF19 /* RegistrationView.swift */,
				E39405FE2866870B0036BF19 /* appleButton.swift */,
				02760D772861B21E00E2AF3E /* profile.swift */,
				E3940604286688510036BF19 /* ViewM */,
			);
			path = LoginPages;
			sourceTree = "<group>";
		};
		E3940604286688510036BF19 /* ViewM */ = {
			isa = PBXGroup;
			children = (
				E3940602286687CE0036BF19 /* LoadingView.swift */,
				E3940605286688980036BF19 /* RegistrationViewModel.swift */,
				E3940607286688CF0036BF19 /* AuthViewModel.swift */,
				E3940609286689120036BF19 /* ProfileViewModel.swift */,
			);
			path = ViewM;
			sourceTree = "<group>";
		};
/* End PBXGroup section */

/* Begin PBXNativeTarget section */
		77B170DD2847452D001F9CBC /* Brandit */ = {
			isa = PBXNativeTarget;
			buildConfigurationList = 77B170EC2847452E001F9CBC /* Build configuration list for PBXNativeTarget "Brandit" */;
			buildPhases = (
				77B170DA2847452D001F9CBC /* Sources */,
				77B170DB2847452D001F9CBC /* Frameworks */,
				77B170DC2847452D001F9CBC /* Resources */,
			);
			buildRules = (
			);
			dependencies = (
			);
			name = Brandit;
			packageProductDependencies = (
				77B17110284BD65B001F9CBC /* FirebaseAuth */,
				77B17112284BD65B001F9CBC /* FirebaseFirestore */,
				77B17114284BD65B001F9CBC /* FirebaseStorage */,
				1684074C2861CA280071FC5F /* iPaymentButton */,
				777B929F2868F7F2008AE921 /* Kingfisher */,
			);
			productName = PieceMasters;
			productReference = 77B170DE2847452D001F9CBC /* Brandit.app */;
			productType = "com.apple.product-type.application";
		};
/* End PBXNativeTarget section */

/* Begin PBXProject section */
		77B170D62847452D001F9CBC /* Project object */ = {
			isa = PBXProject;
			attributes = {
				BuildIndependentTargetsInParallel = 1;
				LastSwiftUpdateCheck = 1330;
				LastUpgradeCheck = 1330;
				TargetAttributes = {
					77B170DD2847452D001F9CBC = {
						CreatedOnToolsVersion = 13.3;
					};
				};
			};
			buildConfigurationList = 77B170D92847452D001F9CBC /* Build configuration list for PBXProject "PieceMasters" */;
			compatibilityVersion = "Xcode 13.0";
			developmentRegion = en;
			hasScannedForEncodings = 0;
			knownRegions = (
				en,
				Base,
			);
			mainGroup = 77B170D52847452D001F9CBC;
			packageReferences = (
				77B1710F284BD65B001F9CBC /* XCRemoteSwiftPackageReference "firebase-ios-sdk" */,
				1684074B2861CA280071FC5F /* XCRemoteSwiftPackageReference "iPaymentButton" */,
				777B929E2868F7F2008AE921 /* XCRemoteSwiftPackageReference "Kingfisher" */,
			);
			productRefGroup = 77B170DF2847452D001F9CBC /* Products */;
			projectDirPath = "";
			projectRoot = "";
			targets = (
				77B170DD2847452D001F9CBC /* Brandit */,
			);
		};
/* End PBXProject section */

/* Begin PBXResourcesBuildPhase section */
		77B170DC2847452D001F9CBC /* Resources */ = {
			isa = PBXResourcesBuildPhase;
			buildActionMask = 2147483647;
			files = (
				02760D872861BE0400E2AF3E /* Product1.scn in Resources */,
				77B170E92847452E001F9CBC /* Preview Assets.xcassets in Resources */,
				77B170E62847452E001F9CBC /* Assets.xcassets in Resources */,
				77B1710E284BD07B001F9CBC /* GoogleService-Info.plist in Resources */,
			);
			runOnlyForDeploymentPostprocessing = 0;
		};
/* End PBXResourcesBuildPhase section */

/* Begin PBXSourcesBuildPhase section */
		77B170DA2847452D001F9CBC /* Sources */ = {
			isa = PBXSourcesBuildPhase;
			buildActionMask = 2147483647;
			files = (
				168407482861C99D0071FC5F /* buttonForOtherPayment.swift in Sources */,
				168407442861C8960071FC5F /* paymentPage.swift in Sources */,
				E394060A286689120036BF19 /* ProfileViewModel.swift in Sources */,
				E39405FD286684D10036BF19 /* RegistrationView.swift in Sources */,
				777B92A628699729008AE921 /* CartModel.swift in Sources */,
				E39406012866875C0036BF19 /* User.swift in Sources */,
				77B170E42847452D001F9CBC /* ContentView.swift in Sources */,
				777B92A42869969B008AE921 /* CartViewModel.swift in Sources */,
				02760D812861B70200E2AF3E /* shap3D.swift in Sources */,
				777B928D285B098C008AE921 /* ProductDetails.swift in Sources */,
				02760D7C2861B65A00E2AF3E /* navig.swift in Sources */,
				777B929D28646FB6008AE921 /* boxProductDetails.swift in Sources */,
				02760D852861B83100E2AF3E /* tab bar.swift in Sources */,
				E3940606286688980036BF19 /* RegistrationViewModel.swift in Sources */,
				777B92A8286ADBCF008AE921 /* address.swift in Sources */,
				88F7766328605A4C00C1A5AF /* AllProducts.swift in Sources */,
				02FBF0D4286B21250079FB5E /* Splash.swift in Sources */,
				E3940603286687CE0036BF19 /* LoadingView.swift in Sources */,
				E39405FF2866870B0036BF19 /* appleButton.swift in Sources */,
				777B929B28613B9E008AE921 /* ViewModel.swift in Sources */,
				777B9291285B0AC2008AE921 /* backgroundRectangle.swift in Sources */,
				777B929528610051008AE921 /* threeDModel.swift in Sources */,
				88F7765C285F0F6B00C1A5AF /* MainPackaging.swift in Sources */,
				88F7765F285F1CDE00C1A5AF /* SearchBar.swift in Sources */,
				777B92992861373A008AE921 /* Product.swift in Sources */,
				1684074A2861C9DF0071FC5F /*  applePay.swift in Sources */,
				02760D782861B21E00E2AF3E /* profile.swift in Sources */,
				168407462861C9590071FC5F /* creditcard.swift in Sources */,
				777B92AA286ADD03008AE921 /* map.swift in Sources */,
				77B170E22847452D001F9CBC /* PieceMastersApp.swift in Sources */,
				E3940608286688CF0036BF19 /* AuthViewModel.swift in Sources */,
				02760D832861B73500E2AF3E /* MyPatternPicker.swift in Sources */,
				02FBF0DD286B376B0079FB5E /* Cart3D.swift in Sources */,
				02FBF0DA286B2D630079FB5E /* ww.swift in Sources */,
				777B928F285B0A3E008AE921 /* Cart.swift in Sources */,
				E39405FB286682DC0036BF19 /* signIN.swift in Sources */,
			);
			runOnlyForDeploymentPostprocessing = 0;
		};
/* End PBXSourcesBuildPhase section */

/* Begin XCBuildConfiguration section */
		77B170EA2847452E001F9CBC /* Debug */ = {
			isa = XCBuildConfiguration;
			buildSettings = {
				ALWAYS_SEARCH_USER_PATHS = NO;
				CLANG_ANALYZER_NONNULL = YES;
				CLANG_ANALYZER_NUMBER_OBJECT_CONVERSION = YES_AGGRESSIVE;
				CLANG_CXX_LANGUAGE_STANDARD = "gnu++17";
				CLANG_ENABLE_MODULES = YES;
				CLANG_ENABLE_OBJC_ARC = YES;
				CLANG_ENABLE_OBJC_WEAK = YES;
				CLANG_WARN_BLOCK_CAPTURE_AUTORELEASING = YES;
				CLANG_WARN_BOOL_CONVERSION = YES;
				CLANG_WARN_COMMA = YES;
				CLANG_WARN_CONSTANT_CONVERSION = YES;
				CLANG_WARN_DEPRECATED_OBJC_IMPLEMENTATIONS = YES;
				CLANG_WARN_DIRECT_OBJC_ISA_USAGE = YES_ERROR;
				CLANG_WARN_DOCUMENTATION_COMMENTS = YES;
				CLANG_WARN_EMPTY_BODY = YES;
				CLANG_WARN_ENUM_CONVERSION = YES;
				CLANG_WARN_INFINITE_RECURSION = YES;
				CLANG_WARN_INT_CONVERSION = YES;
				CLANG_WARN_NON_LITERAL_NULL_CONVERSION = YES;
				CLANG_WARN_OBJC_IMPLICIT_RETAIN_SELF = YES;
				CLANG_WARN_OBJC_LITERAL_CONVERSION = YES;
				CLANG_WARN_OBJC_ROOT_CLASS = YES_ERROR;
				CLANG_WARN_QUOTED_INCLUDE_IN_FRAMEWORK_HEADER = YES;
				CLANG_WARN_RANGE_LOOP_ANALYSIS = YES;
				CLANG_WARN_STRICT_PROTOTYPES = YES;
				CLANG_WARN_SUSPICIOUS_MOVE = YES;
				CLANG_WARN_UNGUARDED_AVAILABILITY = YES_AGGRESSIVE;
				CLANG_WARN_UNREACHABLE_CODE = YES;
				CLANG_WARN__DUPLICATE_METHOD_MATCH = YES;
				COPY_PHASE_STRIP = NO;
				DEBUG_INFORMATION_FORMAT = dwarf;
				ENABLE_STRICT_OBJC_MSGSEND = YES;
				ENABLE_TESTABILITY = YES;
				GCC_C_LANGUAGE_STANDARD = gnu11;
				GCC_DYNAMIC_NO_PIC = NO;
				GCC_NO_COMMON_BLOCKS = YES;
				GCC_OPTIMIZATION_LEVEL = 0;
				GCC_PREPROCESSOR_DEFINITIONS = (
					"DEBUG=1",
					"$(inherited)",
				);
				GCC_WARN_64_TO_32_BIT_CONVERSION = YES;
				GCC_WARN_ABOUT_RETURN_TYPE = YES_ERROR;
				GCC_WARN_UNDECLARED_SELECTOR = YES;
				GCC_WARN_UNINITIALIZED_AUTOS = YES_AGGRESSIVE;
				GCC_WARN_UNUSED_FUNCTION = YES;
				GCC_WARN_UNUSED_VARIABLE = YES;
				IPHONEOS_DEPLOYMENT_TARGET = 15.4;
				MTL_ENABLE_DEBUG_INFO = INCLUDE_SOURCE;
				MTL_FAST_MATH = YES;
				ONLY_ACTIVE_ARCH = YES;
				SDKROOT = iphoneos;
				SWIFT_ACTIVE_COMPILATION_CONDITIONS = DEBUG;
				SWIFT_OPTIMIZATION_LEVEL = "-Onone";
			};
			name = Debug;
		};
		77B170EB2847452E001F9CBC /* Release */ = {
			isa = XCBuildConfiguration;
			buildSettings = {
				ALWAYS_SEARCH_USER_PATHS = NO;
				CLANG_ANALYZER_NONNULL = YES;
				CLANG_ANALYZER_NUMBER_OBJECT_CONVERSION = YES_AGGRESSIVE;
				CLANG_CXX_LANGUAGE_STANDARD = "gnu++17";
				CLANG_ENABLE_MODULES = YES;
				CLANG_ENABLE_OBJC_ARC = YES;
				CLANG_ENABLE_OBJC_WEAK = YES;
				CLANG_WARN_BLOCK_CAPTURE_AUTORELEASING = YES;
				CLANG_WARN_BOOL_CONVERSION = YES;
				CLANG_WARN_COMMA = YES;
				CLANG_WARN_CONSTANT_CONVERSION = YES;
				CLANG_WARN_DEPRECATED_OBJC_IMPLEMENTATIONS = YES;
				CLANG_WARN_DIRECT_OBJC_ISA_USAGE = YES_ERROR;
				CLANG_WARN_DOCUMENTATION_COMMENTS = YES;
				CLANG_WARN_EMPTY_BODY = YES;
				CLANG_WARN_ENUM_CONVERSION = YES;
				CLANG_WARN_INFINITE_RECURSION = YES;
				CLANG_WARN_INT_CONVERSION = YES;
				CLANG_WARN_NON_LITERAL_NULL_CONVERSION = YES;
				CLANG_WARN_OBJC_IMPLICIT_RETAIN_SELF = YES;
				CLANG_WARN_OBJC_LITERAL_CONVERSION = YES;
				CLANG_WARN_OBJC_ROOT_CLASS = YES_ERROR;
				CLANG_WARN_QUOTED_INCLUDE_IN_FRAMEWORK_HEADER = YES;
				CLANG_WARN_RANGE_LOOP_ANALYSIS = YES;
				CLANG_WARN_STRICT_PROTOTYPES = YES;
				CLANG_WARN_SUSPICIOUS_MOVE = YES;
				CLANG_WARN_UNGUARDED_AVAILABILITY = YES_AGGRESSIVE;
				CLANG_WARN_UNREACHABLE_CODE = YES;
				CLANG_WARN__DUPLICATE_METHOD_MATCH = YES;
				COPY_PHASE_STRIP = NO;
				DEBUG_INFORMATION_FORMAT = "dwarf-with-dsym";
				ENABLE_NS_ASSERTIONS = NO;
				ENABLE_STRICT_OBJC_MSGSEND = YES;
				GCC_C_LANGUAGE_STANDARD = gnu11;
				GCC_NO_COMMON_BLOCKS = YES;
				GCC_WARN_64_TO_32_BIT_CONVERSION = YES;
				GCC_WARN_ABOUT_RETURN_TYPE = YES_ERROR;
				GCC_WARN_UNDECLARED_SELECTOR = YES;
				GCC_WARN_UNINITIALIZED_AUTOS = YES_AGGRESSIVE;
				GCC_WARN_UNUSED_FUNCTION = YES;
				GCC_WARN_UNUSED_VARIABLE = YES;
				IPHONEOS_DEPLOYMENT_TARGET = 15.4;
				MTL_ENABLE_DEBUG_INFO = NO;
				MTL_FAST_MATH = YES;
				SDKROOT = iphoneos;
				SWIFT_COMPILATION_MODE = wholemodule;
				SWIFT_OPTIMIZATION_LEVEL = "-O";
				VALIDATE_PRODUCT = YES;
			};
			name = Release;
		};
		77B170ED2847452E001F9CBC /* Debug */ = {
			isa = XCBuildConfiguration;
			buildSettings = {
				ASSETCATALOG_COMPILER_APPICON_NAME = AppIcon;
				ASSETCATALOG_COMPILER_GLOBAL_ACCENT_COLOR_NAME = AccentColor;
				CODE_SIGN_STYLE = Automatic;
				CURRENT_PROJECT_VERSION = 1;
				DEVELOPMENT_ASSET_PATHS = "\"PieceMasters/Preview Content\"";
				DEVELOPMENT_TEAM = 5JQU78DCG7;
				ENABLE_PREVIEWS = YES;
				GENERATE_INFOPLIST_FILE = YES;
				INFOPLIST_FILE = PieceMasters/Info.plist;
				INFOPLIST_KEY_CFBundleDisplayName = Brandit;
				INFOPLIST_KEY_NSLocationAlwaysAndWhenInUseUsageDescription = "Brand It needs to access your location . For reliable delivery ,\nBbrand It collects location data from the time you open the app. This\nimprovesour delivery services and more.";
				INFOPLIST_KEY_NSLocationWhenInUseUsageDescription = "Brand It needs to access your location . For reliable delivery ,\nBbrand It collects location data from the time you open the app. This\nimprovesour delivery services and more.";
				INFOPLIST_KEY_UIApplicationSceneManifest_Generation = YES;
				INFOPLIST_KEY_UIApplicationSupportsIndirectInputEvents = YES;
				INFOPLIST_KEY_UILaunchScreen_Generation = YES;
				INFOPLIST_KEY_UISupportedInterfaceOrientations_iPad = "UIInterfaceOrientationPortrait UIInterfaceOrientationPortraitUpsideDown UIInterfaceOrientationLandscapeLeft UIInterfaceOrientationLandscapeRight";
				INFOPLIST_KEY_UISupportedInterfaceOrientations_iPhone = "UIInterfaceOrientationPortrait UIInterfaceOrientationLandscapeLeft UIInterfaceOrientationLandscapeRight";
				LD_RUNPATH_SEARCH_PATHS = (
					"$(inherited)",
					"@executable_path/Frameworks",
				);
				MARKETING_VERSION = 1.0;
				PRODUCT_BUNDLE_IDENTIFIER = sa.Shahad.PieceMasters;
				PRODUCT_NAME = "$(TARGET_NAME)";
				SWIFT_EMIT_LOC_STRINGS = YES;
				SWIFT_VERSION = 5.0;
				TARGETED_DEVICE_FAMILY = "1,2";
			};
			name = Debug;
		};
		77B170EE2847452E001F9CBC /* Release */ = {
			isa = XCBuildConfiguration;
			buildSettings = {
				ASSETCATALOG_COMPILER_APPICON_NAME = AppIcon;
				ASSETCATALOG_COMPILER_GLOBAL_ACCENT_COLOR_NAME = AccentColor;
				CODE_SIGN_STYLE = Automatic;
				CURRENT_PROJECT_VERSION = 1;
				DEVELOPMENT_ASSET_PATHS = "\"PieceMasters/Preview Content\"";
				DEVELOPMENT_TEAM = 5JQU78DCG7;
				ENABLE_PREVIEWS = YES;
				GENERATE_INFOPLIST_FILE = YES;
				INFOPLIST_FILE = PieceMasters/Info.plist;
				INFOPLIST_KEY_CFBundleDisplayName = Brandit;
				INFOPLIST_KEY_NSLocationAlwaysAndWhenInUseUsageDescription = "Brand It needs to access your location . For reliable delivery ,\nBbrand It collects location data from the time you open the app. This\nimprovesour delivery services and more.";
				INFOPLIST_KEY_NSLocationWhenInUseUsageDescription = "Brand It needs to access your location . For reliable delivery ,\nBbrand It collects location data from the time you open the app. This\nimprovesour delivery services and more.";
				INFOPLIST_KEY_UIApplicationSceneManifest_Generation = YES;
				INFOPLIST_KEY_UIApplicationSupportsIndirectInputEvents = YES;
				INFOPLIST_KEY_UILaunchScreen_Generation = YES;
				INFOPLIST_KEY_UISupportedInterfaceOrientations_iPad = "UIInterfaceOrientationPortrait UIInterfaceOrientationPortraitUpsideDown UIInterfaceOrientationLandscapeLeft UIInterfaceOrientationLandscapeRight";
				INFOPLIST_KEY_UISupportedInterfaceOrientations_iPhone = "UIInterfaceOrientationPortrait UIInterfaceOrientationLandscapeLeft UIInterfaceOrientationLandscapeRight";
				LD_RUNPATH_SEARCH_PATHS = (
					"$(inherited)",
					"@executable_path/Frameworks",
				);
				MARKETING_VERSION = 1.0;
				PRODUCT_BUNDLE_IDENTIFIER = sa.Shahad.PieceMasters;
				PRODUCT_NAME = "$(TARGET_NAME)";
				SWIFT_EMIT_LOC_STRINGS = YES;
				SWIFT_VERSION = 5.0;
				TARGETED_DEVICE_FAMILY = "1,2";
			};
			name = Release;
		};
/* End XCBuildConfiguration section */

/* Begin XCConfigurationList section */
		77B170D92847452D001F9CBC /* Build configuration list for PBXProject "PieceMasters" */ = {
			isa = XCConfigurationList;
			buildConfigurations = (
				77B170EA2847452E001F9CBC /* Debug */,
				77B170EB2847452E001F9CBC /* Release */,
			);
			defaultConfigurationIsVisible = 0;
			defaultConfigurationName = Release;
		};
		77B170EC2847452E001F9CBC /* Build configuration list for PBXNativeTarget "Brandit" */ = {
			isa = XCConfigurationList;
			buildConfigurations = (
				77B170ED2847452E001F9CBC /* Debug */,
				77B170EE2847452E001F9CBC /* Release */,
			);
			defaultConfigurationIsVisible = 0;
			defaultConfigurationName = Release;
		};
/* End XCConfigurationList section */

/* Begin XCRemoteSwiftPackageReference section */
		1684074B2861CA280071FC5F /* XCRemoteSwiftPackageReference "iPaymentButton" */ = {
			isa = XCRemoteSwiftPackageReference;
			repositoryURL = "https://github.com/benjaminsage/iPaymentButton";
			requirement = {
				branch = main;
				kind = branch;
			};
		};
		777B929E2868F7F2008AE921 /* XCRemoteSwiftPackageReference "Kingfisher" */ = {
			isa = XCRemoteSwiftPackageReference;
			repositoryURL = "https://github.com/onevcat/Kingfisher.git";
			requirement = {
				kind = upToNextMajorVersion;
				minimumVersion = 7.0.0;
			};
		};
		77B1710F284BD65B001F9CBC /* XCRemoteSwiftPackageReference "firebase-ios-sdk" */ = {
			isa = XCRemoteSwiftPackageReference;
			repositoryURL = "https://github.com/firebase/firebase-ios-sdk";
			requirement = {
				kind = upToNextMajorVersion;
				minimumVersion = 9.0.0;
			};
		};
/* End XCRemoteSwiftPackageReference section */

/* Begin XCSwiftPackageProductDependency section */
		1684074C2861CA280071FC5F /* iPaymentButton */ = {
			isa = XCSwiftPackageProductDependency;
			package = 1684074B2861CA280071FC5F /* XCRemoteSwiftPackageReference "iPaymentButton" */;
			productName = iPaymentButton;
		};
		777B929F2868F7F2008AE921 /* Kingfisher */ = {
			isa = XCSwiftPackageProductDependency;
			package = 777B929E2868F7F2008AE921 /* XCRemoteSwiftPackageReference "Kingfisher" */;
			productName = Kingfisher;
		};
		77B17110284BD65B001F9CBC /* FirebaseAuth */ = {
			isa = XCSwiftPackageProductDependency;
			package = 77B1710F284BD65B001F9CBC /* XCRemoteSwiftPackageReference "firebase-ios-sdk" */;
			productName = FirebaseAuth;
		};
		77B17112284BD65B001F9CBC /* FirebaseFirestore */ = {
			isa = XCSwiftPackageProductDependency;
			package = 77B1710F284BD65B001F9CBC /* XCRemoteSwiftPackageReference "firebase-ios-sdk" */;
			productName = FirebaseFirestore;
		};
		77B17114284BD65B001F9CBC /* FirebaseStorage */ = {
			isa = XCSwiftPackageProductDependency;
			package = 77B1710F284BD65B001F9CBC /* XCRemoteSwiftPackageReference "firebase-ios-sdk" */;
			productName = FirebaseStorage;
		};
/* End XCSwiftPackageProductDependency section */
	};
	rootObject = 77B170D62847452D001F9CBC /* Project object */;
}
